
Microsoft Visual Studio Solution File, Format Version 12.00
# Visual Studio Version 17
VisualStudioVersion = 17.11.35219.272
MinimumVisualStudioVersion = 10.0.40219.1
Project("{FAE04EC0-301F-11D3-BF4B-00C04F79EFBC}") = "DockRest.API", "DockRest.API\DockRest.API.csproj", "{15170922-31D9-4EC2-AB7B-22B385A84D37}"
EndProject
Project("{FAE04EC0-301F-11D3-BF4B-00C04F79EFBC}") = "DockRest.Core", "DockRest.Core\DockRest.Core.csproj", "{7B8447C1-AEF0-4B1C-987F-72D9568A661E}"
EndProject
Global
	GlobalSection(SolutionConfigurationPlatforms) = preSolution
		Debug|Any CPU = Debug|Any CPU
		Release|Any CPU = Release|Any CPU
	EndGlobalSection
	GlobalSection(ProjectConfigurationPlatforms) = postSolution
		{15170922-31D9-4EC2-AB7B-22B385A84D37}.Debug|Any CPU.ActiveCfg = Debug|Any CPU
		{15170922-31D9-4EC2-AB7B-22B385A84D37}.Debug|Any CPU.Build.0 = Debug|Any CPU
		{15170922-31D9-4EC2-AB7B-22B385A84D37}.Release|Any CPU.ActiveCfg = Release|Any CPU
		{15170922-31D9-4EC2-AB7B-22B385A84D37}.Release|Any CPU.Build.0 = Release|Any CPU
		{7B8447C1-AEF0-4B1C-987F-72D9568A661E}.Debug|Any CPU.ActiveCfg = Debug|Any CPU
		{7B8447C1-AEF0-4B1C-987F-72D9568A661E}.Debug|Any CPU.Build.0 = Debug|Any CPU
		{7B8447C1-AEF0-4B1C-987F-72D9568A661E}.Release|Any CPU.ActiveCfg = Release|Any CPU
		{7B8447C1-AEF0-4B1C-987F-72D9568A661E}.Release|Any CPU.Build.0 = Release|Any CPU
	EndGlobalSection
	GlobalSection(SolutionProperties) = preSolution
		HideSolutionNode = FALSE
	EndGlobalSection
	GlobalSection(ExtensibilityGlobals) = postSolution
		SolutionGuid = {9BBB6E76-D217-4385-9CA9-A76A45534415}
	EndGlobalSection
EndGlobal
